{
  "nodes": {
    "flake-compat": {
      "flake": false,
      "locked": {
        "lastModified": 1648199409,
        "narHash": "sha256-JwPKdC2PoVBkG6E+eWw3j6BMR6sL3COpYWfif7RVb8Y=",
        "owner": "edolstra",
        "repo": "flake-compat",
        "rev": "64a525ee38886ab9028e6f61790de0832aa3ef03",
        "type": "github"
      },
      "original": {
        "owner": "edolstra",
        "repo": "flake-compat",
        "type": "github"
      }
    },
    "flake-utils": {
      "locked": {
        "lastModified": 1644229661,
        "narHash": "sha256-1YdnJAsNy69bpcjuoKdOYQX0YxZBiCYZo4Twxerqv7k=",
        "owner": "numtide",
        "repo": "flake-utils",
        "rev": "3cecb5b042f7f209c56ffd8371b2711a290ec797",
        "type": "github"
      },
      "original": {
        "owner": "numtide",
        "repo": "flake-utils",
        "type": "github"
      }
    },
    "home-manager": {
      "inputs": {
        "nixpkgs": [
          "nixpkgs"
        ]
      },
      "locked": {
        "lastModified": 1647175256,
        "narHash": "sha256-7H+veXPM7IwdN1DoZqliwb9sghlN56koV5dnCu1kpsc=",
        "owner": "nix-community",
        "repo": "home-manager",
        "rev": "a8d00f5c038cf7ec54e7dac9c57b171c1217f008",
        "type": "github"
      },
      "original": {
        "owner": "nix-community",
        "ref": "release-21.11",
        "repo": "home-manager",
        "type": "github"
      }
    },
    "neovim-flake": {
      "inputs": {
        "flake-utils": "flake-utils",
        "nixpkgs": [
          "neovim-nightly-overlay",
          "nixpkgs"
        ]
      },
      "locked": {
        "dir": "contrib",
        "lastModified": 1648694921,
        "narHash": "sha256-qK14o6cgUon8LvmuuAg5MT9jougpkFiaiO6HQF5+Z+E=",
        "owner": "neovim",
        "repo": "neovim",
        "rev": "1184097261260e53519db54548acf2c1e5ab7e68",
        "type": "github"
      },
      "original": {
        "dir": "contrib",
        "owner": "neovim",
        "repo": "neovim",
        "type": "github"
      }
    },
    "neovim-nightly-overlay": {
      "inputs": {
        "flake-compat": "flake-compat",
        "neovim-flake": "neovim-flake",
        "nixpkgs": "nixpkgs"
      },
      "locked": {
        "lastModified": 1648714786,
        "narHash": "sha256-DAgcWFWK6yaAeLJ8XwIJcIvyTzCp3BOrBvdJAFNyBjQ=",
        "owner": "nix-community",
        "repo": "neovim-nightly-overlay",
        "rev": "ab6514c925093164e6161ecde5027fa2ad83742e",
        "type": "github"
      },
      "original": {
        "owner": "nix-community",
        "repo": "neovim-nightly-overlay",
        "type": "github"
      }
    },
    "nixos-hardware": {
      "locked": {
        "lastModified": 1648141026,
        "narHash": "sha256-h8e3+5EZFbYHTMb0DN2ACuQTJBNHpqigvmEV1w2WIuE=",
        "owner": "NixOS",
        "repo": "nixos-hardware",
        "rev": "feceb4d24f582817d8f6e737cd40af9e162dee05",
        "type": "github"
      },
      "original": {
        "owner": "NixOS",
        "ref": "master",
        "repo": "nixos-hardware",
        "type": "github"
      }
    },
    "nixpkgs": {
      "locked": {
        "lastModified": 1648632716,
        "narHash": "sha256-kCmnDeiaMsdhfnNKjxdOzwRh2H6eQb8yWAL+nNabC/Y=",
        "owner": "nixos",
        "repo": "nixpkgs",
        "rev": "710fed5a2483f945b14f4a58af2cd3676b42d8c8",
        "type": "github"
      },
      "original": {
        "owner": "nixos",
        "ref": "nixos-unstable",
        "repo": "nixpkgs",
        "type": "github"
      }
    },
    "nixpkgs-unstable": {
      "locked": {
        "lastModified": 1648632716,
        "narHash": "sha256-kCmnDeiaMsdhfnNKjxdOzwRh2H6eQb8yWAL+nNabC/Y=",
        "owner": "nixos",
        "repo": "nixpkgs",
        "rev": "710fed5a2483f945b14f4a58af2cd3676b42d8c8",
        "type": "github"
      },
      "original": {
        "owner": "nixos",
        "ref": "nixos-unstable",
        "repo": "nixpkgs",
        "type": "github"
      }
    },
    "nixpkgs_2": {
      "locked": {
        "lastModified": 1648648646,
        "narHash": "sha256-pHAq/GvsP7zRHkUTCs+4d31C0IEtTIuC6/TFASIA+zg=",
        "owner": "nixos",
        "repo": "nixpkgs",
        "rev": "efea022d6fe0da84aa6613d4ddeafb80de713457",
        "type": "github"
      },
      "original": {
        "owner": "nixos",
        "ref": "nixos-21.11",
        "repo": "nixpkgs",
        "type": "github"
      }
    },
    "root": {
      "inputs": {
        "home-manager": "home-manager",
        "neovim-nightly-overlay": "neovim-nightly-overlay",
        "nixos-hardware": "nixos-hardware",
        "nixpkgs": "nixpkgs_2",
        "nixpkgs-unstable": "nixpkgs-unstable"
      }
    }
  },
  "root": "root",
  "version": 7
}
