{
  "nodes": {
    "nixpkgs": {
      "locked": {
        "lastModified": 1656122851,
        "narHash": "sha256-fUXK49Hp6oktAZz42+VPDXa+/9FpzICnEKWhh4zqr30=",
        "owner": "nixos",
        "repo": "nixpkgs",
        "rev": "891016b5cf1998ea84852adac52c65c5ccd3e802",
        "type": "github"
      },
      "original": {
        "owner": "nixos",
        "ref": "nixos-21.11",
        "repo": "nixpkgs",
        "type": "github"
      }
    },
    "nixpkgs-unstable": {
      "locked": {
        "lastModified": 1656239181,
        "narHash": "sha256-wW1xRFBn376yGloXZ4QzBE4hjipMawpV18Lshd9QSPw=",
        "owner": "nixos",
        "repo": "nixpkgs",
        "rev": "f2537a505d45c31fe5d9c27ea9829b6f4c4e6ac5",
        "type": "github"
      },
      "original": {
        "owner": "nixos",
        "ref": "nixos-unstable",
        "repo": "nixpkgs",
        "type": "github"
      }
    },
    "root": {
      "inputs": {
        "nixpkgs": "nixpkgs",
        "nixpkgs-unstable": "nixpkgs-unstable"
      }
    }
  },
  "root": "root",
  "version": 7
}
