{
  "requires": true,
  "lockfileVersion": 1,
  "dependencies": {
    "coc-css": {
      "version": "1.2.2",
      "resolved": "https://registry.npmjs.org/coc-css/-/coc-css-1.2.2.tgz",
      "integrity": "sha512-JvZnKZZJZemS70o972OEjfnMGGO2sLpJA3iX1OT3CXmaymPb8CmufboyCVnzGMDMbFL/qHgfjbdw9kOg5ZtzzQ=="
    },
    "coc-json": {
      "version": "1.2.3",
      "resolved": "https://registry.npmjs.org/coc-json/-/coc-json-1.2.3.tgz",
      "integrity": "sha512-JlM2CqVuDcxHAxVRcCTd2PsEzAU6jCwJ3N8jaszD3m2HSjq5I796Y7zFmoW6TK/7IOqAiYWCq1l+1yqjTSBedQ=="
    },
    "coc-pairs": {
      "version": "1.2.19",
      "resolved": "https://registry.npmjs.org/coc-pairs/-/coc-pairs-1.2.19.tgz",
      "integrity": "sha512-p/U0R4RVlB3gvvbJ7Q46ttDTGkiOLHzeqgG9SuykWTsFqrDKbtna4mNDGetSvbkE5RiLM8H0ZNIoW2KZbVsJag=="
    },
    "coc-python": {
      "version": "1.2.5",
      "resolved": "https://registry.npmjs.org/coc-python/-/coc-python-1.2.5.tgz",
      "integrity": "sha512-nWV8O1cV3n/Qt+vQGUmxgnU9WPtut1vweQT8WjRiY3jRtS4X4tZl9tD1Ia3n90WWsXmMc+TIR72x1QvYvrIngQ=="
    },
    "coc-snippets": {
      "version": "2.1.10",
      "resolved": "https://registry.npmjs.org/coc-snippets/-/coc-snippets-2.1.10.tgz",
      "integrity": "sha512-q7DNO9+eQ/F4G/Th5pYOk0xZzP4fwqNMgYZdQHfEIwVXF48w4jAEQuGT0oQ1t7/qi7TBQY7jqWmlO4hi+zoY0A=="
    },
    "coc-tsserver": {
      "version": "1.3.15",
      "resolved": "https://registry.npmjs.org/coc-tsserver/-/coc-tsserver-1.3.15.tgz",
      "integrity": "sha512-LwM+0Slg7JbaoaRrhhKzXt5fWBlpuBLE5na5/fTTnOTD5SEDtj+ThKm2MfRP1oztvLZsRiJ3QFO3+9D+bk3ktQ==",
      "requires": {
        "typescript": "3.5.1"
      }
    },
    "typescript": {
      "version": "3.5.1",
      "resolved": "https://registry.npmjs.org/typescript/-/typescript-3.5.1.tgz",
      "integrity": "sha512-64HkdiRv1yYZsSe4xC1WVgamNigVYjlssIoaH2HcZF0+ijsk5YK2g0G34w9wJkze8+5ow4STd22AynfO6ZYYLw=="
    }
  }
}
